
Microsoft Visual Studio Solution File, Format Version 12.00
Project("{FAE04EC0-301F-11D3-BF4B-00C04F79EFBC}") = "Dometrain.EFCore.API", "Dometrain.EFCore.API\Dometrain.EFCore.API.csproj", "{3BE39460-B6A1-41B4-BA8A-948A9B825FC0}"
EndProject
Project("{2150E333-8FDC-42A3-9474-1A3956D46DE8}") = "Solution Items", "Solution Items", "{7E574454-0A9A-4671-89DC-23356C03C008}"
	ProjectSection(SolutionItems) = preProject
		docker-compose.yml = docker-compose.yml
	EndProjectSection
EndProject
Project("{FAE04EC0-301F-11D3-BF4B-00C04F79EFBC}") = "Dometrain.EFCore.Tests", "Dometrain.EFCore.Tests\Dometrain.EFCore.Tests.csproj", "{62E47712-3708-4ACA-9FA6-05344AAC60F6}"
EndProject
Project("{FAE04EC0-301F-11D3-BF4B-00C04F79EFBC}") = "Dometrain.EFCore.SimpleApi", "Dometrain.EFCore.SimpleApi\Dometrain.EFCore.SimpleApi.csproj", "{6D0C29CA-CDEE-4DE9-AB22-4DA726A38761}"
EndProject
Project("{FAE04EC0-301F-11D3-BF4B-00C04F79EFBC}") = "Dometrain.EFCoreTenants.Databases", "Dometrain.EFCoreTenants.Databases\Dometrain.EFCoreTenants.Databases.csproj", "{CC841CB4-4732-4816-A1C8-218C4CC2C595}"
EndProject
Project("{FAE04EC0-301F-11D3-BF4B-00C04F79EFBC}") = "Dometrain.EFCore.Tenants.QueryFilter", "Dometrain.EFCore.Tenants.QueryFilter\Dometrain.EFCore.Tenants.QueryFilter.csproj", "{D26CF9C8-D193-47C8-9F84-B3091C7A3C9D}"
EndProject
Project("{FAE04EC0-301F-11D3-BF4B-00C04F79EFBC}") = "Dometrain.EFCore.MariaDB", "Dometrain.EFCore.MariaDB\Dometrain.EFCore.MariaDB.csproj", "{AAA2F3CE-F6BE-45D5-9AB1-1B4CE06C6773}"
EndProject
Project("{FAE04EC0-301F-11D3-BF4B-00C04F79EFBC}") = "Dometrain.EFCore.Cosmos", "Dometrain.EFCore.Cosmos\Dometrain.EFCore.Cosmos.csproj", "{F93DF213-349D-4093-B13B-82C6315754DC}"
EndProject
Global
	GlobalSection(SolutionConfigurationPlatforms) = preSolution
		Debug|Any CPU = Debug|Any CPU
		Release|Any CPU = Release|Any CPU
	EndGlobalSection
	GlobalSection(ProjectConfigurationPlatforms) = postSolution
		{3BE39460-B6A1-41B4-BA8A-948A9B825FC0}.Debug|Any CPU.ActiveCfg = Debug|Any CPU
		{3BE39460-B6A1-41B4-BA8A-948A9B825FC0}.Debug|Any CPU.Build.0 = Debug|Any CPU
		{3BE39460-B6A1-41B4-BA8A-948A9B825FC0}.Release|Any CPU.ActiveCfg = Release|Any CPU
		{3BE39460-B6A1-41B4-BA8A-948A9B825FC0}.Release|Any CPU.Build.0 = Release|Any CPU
		{62E47712-3708-4ACA-9FA6-05344AAC60F6}.Debug|Any CPU.ActiveCfg = Debug|Any CPU
		{62E47712-3708-4ACA-9FA6-05344AAC60F6}.Debug|Any CPU.Build.0 = Debug|Any CPU
		{62E47712-3708-4ACA-9FA6-05344AAC60F6}.Release|Any CPU.ActiveCfg = Release|Any CPU
		{62E47712-3708-4ACA-9FA6-05344AAC60F6}.Release|Any CPU.Build.0 = Release|Any CPU
		{6D0C29CA-CDEE-4DE9-AB22-4DA726A38761}.Debug|Any CPU.ActiveCfg = Debug|Any CPU
		{6D0C29CA-CDEE-4DE9-AB22-4DA726A38761}.Debug|Any CPU.Build.0 = Debug|Any CPU
		{6D0C29CA-CDEE-4DE9-AB22-4DA726A38761}.Release|Any CPU.ActiveCfg = Release|Any CPU
		{6D0C29CA-CDEE-4DE9-AB22-4DA726A38761}.Release|Any CPU.Build.0 = Release|Any CPU
		{CC841CB4-4732-4816-A1C8-218C4CC2C595}.Debug|Any CPU.ActiveCfg = Debug|Any CPU
		{CC841CB4-4732-4816-A1C8-218C4CC2C595}.Debug|Any CPU.Build.0 = Debug|Any CPU
		{CC841CB4-4732-4816-A1C8-218C4CC2C595}.Release|Any CPU.ActiveCfg = Release|Any CPU
		{CC841CB4-4732-4816-A1C8-218C4CC2C595}.Release|Any CPU.Build.0 = Release|Any CPU
		{D26CF9C8-D193-47C8-9F84-B3091C7A3C9D}.Debug|Any CPU.ActiveCfg = Debug|Any CPU
		{D26CF9C8-D193-47C8-9F84-B3091C7A3C9D}.Debug|Any CPU.Build.0 = Debug|Any CPU
		{D26CF9C8-D193-47C8-9F84-B3091C7A3C9D}.Release|Any CPU.ActiveCfg = Release|Any CPU
		{D26CF9C8-D193-47C8-9F84-B3091C7A3C9D}.Release|Any CPU.Build.0 = Release|Any CPU
		{AAA2F3CE-F6BE-45D5-9AB1-1B4CE06C6773}.Debug|Any CPU.ActiveCfg = Debug|Any CPU
		{AAA2F3CE-F6BE-45D5-9AB1-1B4CE06C6773}.Debug|Any CPU.Build.0 = Debug|Any CPU
		{AAA2F3CE-F6BE-45D5-9AB1-1B4CE06C6773}.Release|Any CPU.ActiveCfg = Release|Any CPU
		{AAA2F3CE-F6BE-45D5-9AB1-1B4CE06C6773}.Release|Any CPU.Build.0 = Release|Any CPU
		{F93DF213-349D-4093-B13B-82C6315754DC}.Debug|Any CPU.ActiveCfg = Debug|Any CPU
		{F93DF213-349D-4093-B13B-82C6315754DC}.Debug|Any CPU.Build.0 = Debug|Any CPU
		{F93DF213-349D-4093-B13B-82C6315754DC}.Release|Any CPU.ActiveCfg = Release|Any CPU
		{F93DF213-349D-4093-B13B-82C6315754DC}.Release|Any CPU.Build.0 = Release|Any CPU
	EndGlobalSection
	GlobalSection(NestedProjects) = preSolution
	EndGlobalSection
EndGlobal
